
Microsoft Visual Studio Solution File, Format Version 12.00
# Visual Studio Version 17
VisualStudioVersion = 17.13.35828.75
MinimumVisualStudioVersion = 10.0.40219.1
Project("{FAE04EC0-301F-11D3-BF4B-00C04F79EFBC}") = "AgroVision.YoloConverter", "src\AgroVision.YoloConverter\AgroVision.YoloConverter.csproj", "{4FA3C38D-3E3B-44DB-A0DC-52FC5F87486E}"
EndProject
Project("{2150E333-8FDC-42A3-9474-1A3956D46DE8}") = "tools", "tools", "{36D591C7-65C7-A0D1-1CBC-10CDE441BDC8}"
EndProject
Project("{2150E333-8FDC-42A3-9474-1A3956D46DE8}") = "detection", "detection", "{65E3F391-27A3-475D-AF79-874FE6F46B7F}"
EndProject
Project("{FAE04EC0-301F-11D3-BF4B-00C04F79EFBC}") = "AgroVision.Detection", "src\AgroVision.Detection\AgroVision.Detection.csproj", "{5683A213-4C3F-4CCC-B1BD-EFE09E58CBB5}"
EndProject
Global
	GlobalSection(SolutionConfigurationPlatforms) = preSolution
		Debug|Any CPU = Debug|Any CPU
		Release|Any CPU = Release|Any CPU
	EndGlobalSection
	GlobalSection(ProjectConfigurationPlatforms) = postSolution
		{4FA3C38D-3E3B-44DB-A0DC-52FC5F87486E}.Debug|Any CPU.ActiveCfg = Debug|Any CPU
		{4FA3C38D-3E3B-44DB-A0DC-52FC5F87486E}.Debug|Any CPU.Build.0 = Debug|Any CPU
		{4FA3C38D-3E3B-44DB-A0DC-52FC5F87486E}.Release|Any CPU.ActiveCfg = Release|Any CPU
		{4FA3C38D-3E3B-44DB-A0DC-52FC5F87486E}.Release|Any CPU.Build.0 = Release|Any CPU
		{5683A213-4C3F-4CCC-B1BD-EFE09E58CBB5}.Debug|Any CPU.ActiveCfg = Debug|Any CPU
		{5683A213-4C3F-4CCC-B1BD-EFE09E58CBB5}.Debug|Any CPU.Build.0 = Debug|Any CPU
		{5683A213-4C3F-4CCC-B1BD-EFE09E58CBB5}.Release|Any CPU.ActiveCfg = Release|Any CPU
		{5683A213-4C3F-4CCC-B1BD-EFE09E58CBB5}.Release|Any CPU.Build.0 = Release|Any CPU
	EndGlobalSection
	GlobalSection(SolutionProperties) = preSolution
		HideSolutionNode = FALSE
	EndGlobalSection
	GlobalSection(NestedProjects) = preSolution
		{4FA3C38D-3E3B-44DB-A0DC-52FC5F87486E} = {36D591C7-65C7-A0D1-1CBC-10CDE441BDC8}
		{5683A213-4C3F-4CCC-B1BD-EFE09E58CBB5} = {65E3F391-27A3-475D-AF79-874FE6F46B7F}
	EndGlobalSection
	GlobalSection(ExtensibilityGlobals) = postSolution
		SolutionGuid = {F580D7CC-DA81-4851-BA0D-68910079AFEE}
	EndGlobalSection
EndGlobal
